
Microsoft Visual Studio Solution File, Format Version 12.00
# Visual Studio Version 16
VisualStudioVersion = 16.0.30503.244
MinimumVisualStudioVersion = 10.0.40219.1
Project("{FAE04EC0-301F-11D3-BF4B-00C04F79EFBC}") = "Stack-Queue", "Stack-Queue\Stack-Queue.csproj", "{D8B02D9A-D25B-452F-9164-856DDD78119F}"
EndProject
Global
	GlobalSection(SolutionConfigurationPlatforms) = preSolution
		Debug|Any CPU = Debug|Any CPU
		Release|Any CPU = Release|Any CPU
	EndGlobalSection
	GlobalSection(ProjectConfigurationPlatforms) = postSolution
		{D8B02D9A-D25B-452F-9164-856DDD78119F}.Debug|Any CPU.ActiveCfg = Debug|Any CPU
		{D8B02D9A-D25B-452F-9164-856DDD78119F}.Debug|Any CPU.Build.0 = Debug|Any CPU
		{D8B02D9A-D25B-452F-9164-856DDD78119F}.Release|Any CPU.ActiveCfg = Release|Any CPU
		{D8B02D9A-D25B-452F-9164-856DDD78119F}.Release|Any CPU.Build.0 = Release|Any CPU
	EndGlobalSection
	GlobalSection(SolutionProperties) = preSolution
		HideSolutionNode = FALSE
	EndGlobalSection
	GlobalSection(ExtensibilityGlobals) = postSolution
		SolutionGuid = {E12F59D9-2F49-4176-BC25-F07282F66982}
	EndGlobalSection
EndGlobal
